
Microsoft Visual Studio Solution File, Format Version 12.00
# Visual Studio Version 17
VisualStudioVersion = 17.1.32319.34
MinimumVisualStudioVersion = 10.0.40219.1
Project("{9A19103F-16F7-4668-BE54-9A1E7A4F7556}") = "StrategyDLLBuilder", "WorkShopDLL\StrategyDLLBuilder.csproj", "{37A9C2EF-1232-4D5F-AF7B-6C4A7BACEFF6}"
EndProject
Global
	GlobalSection(SolutionConfigurationPlatforms) = preSolution
		Debug|Any CPU = Debug|Any CPU
		Release|Any CPU = Release|Any CPU
	EndGlobalSection
	GlobalSection(ProjectConfigurationPlatforms) = postSolution
		{37A9C2EF-1232-4D5F-AF7B-6C4A7BACEFF6}.Debug|Any CPU.ActiveCfg = Debug|Any CPU
		{37A9C2EF-1232-4D5F-AF7B-6C4A7BACEFF6}.Debug|Any CPU.Build.0 = Debug|Any CPU
		{37A9C2EF-1232-4D5F-AF7B-6C4A7BACEFF6}.Release|Any CPU.ActiveCfg = Release|Any CPU
		{37A9C2EF-1232-4D5F-AF7B-6C4A7BACEFF6}.Release|Any CPU.Build.0 = Release|Any CPU
	EndGlobalSection
	GlobalSection(SolutionProperties) = preSolution
		HideSolutionNode = FALSE
	EndGlobalSection
	GlobalSection(ExtensibilityGlobals) = postSolution
		SolutionGuid = {0467433B-0F23-43B7-99F6-A7A34E9CF95C}
	EndGlobalSection
EndGlobal
